
Microsoft Visual Studio Solution File, Format Version 12.00
# Visual Studio Version 17
VisualStudioVersion = 17.14.36301.6 d17.14
MinimumVisualStudioVersion = 10.0.40219.1
Project("{2150E333-8FDC-42A3-9474-1A3956D46DE8}") = "src", "src", "{02EA681E-C7D8-13C7-8484-4AC65E1B71E8}"
EndProject
Project("{2150E333-8FDC-42A3-9474-1A3956D46DE8}") = "Core", "Core", "{A7ECA75F-2D79-4FD3-8AEB-039BCDBC234D}"
EndProject
Project("{2150E333-8FDC-42A3-9474-1A3956D46DE8}") = "Infrastructure", "Infrastructure", "{22730044-0FF5-465C-93FB-42EA9A9947CF}"
EndProject
Project("{2150E333-8FDC-42A3-9474-1A3956D46DE8}") = "Presentation", "Presentation", "{FF1D62D7-597C-47E1-B5CB-25DA54C7CAF8}"
EndProject
Project("{FAE04EC0-301F-11D3-BF4B-00C04F79EFBC}") = "Application", "Application\Application.csproj", "{6F5F1360-DE5A-41DD-A8F3-66D4F44AAEE9}"
EndProject
Project("{FAE04EC0-301F-11D3-BF4B-00C04F79EFBC}") = "Domain", "Domain\Domain.csproj", "{31E1F0CC-743D-461D-B869-0036BF2B98CB}"
EndProject
Project("{FAE04EC0-301F-11D3-BF4B-00C04F79EFBC}") = "Shared", "Shared\Shared.csproj", "{E3412ADE-8529-457B-9627-56524D2DDC82}"
EndProject
Project("{FAE04EC0-301F-11D3-BF4B-00C04F79EFBC}") = "Persistence", "Persistence\Persistence.csproj", "{E2323AE5-F791-4795-B1C2-499B31150AA7}"
EndProject
Project("{FAE04EC0-301F-11D3-BF4B-00C04F79EFBC}") = "WebApi", "WebApi\WebApi.csproj", "{8F2FF96A-84B0-451A-918D-8833E620266A}"
EndProject
Global
	GlobalSection(SolutionConfigurationPlatforms) = preSolution
		Debug|Any CPU = Debug|Any CPU
		Release|Any CPU = Release|Any CPU
	EndGlobalSection
	GlobalSection(ProjectConfigurationPlatforms) = postSolution
		{6F5F1360-DE5A-41DD-A8F3-66D4F44AAEE9}.Debug|Any CPU.ActiveCfg = Debug|Any CPU
		{6F5F1360-DE5A-41DD-A8F3-66D4F44AAEE9}.Debug|Any CPU.Build.0 = Debug|Any CPU
		{6F5F1360-DE5A-41DD-A8F3-66D4F44AAEE9}.Release|Any CPU.ActiveCfg = Release|Any CPU
		{6F5F1360-DE5A-41DD-A8F3-66D4F44AAEE9}.Release|Any CPU.Build.0 = Release|Any CPU
		{31E1F0CC-743D-461D-B869-0036BF2B98CB}.Debug|Any CPU.ActiveCfg = Debug|Any CPU
		{31E1F0CC-743D-461D-B869-0036BF2B98CB}.Debug|Any CPU.Build.0 = Debug|Any CPU
		{31E1F0CC-743D-461D-B869-0036BF2B98CB}.Release|Any CPU.ActiveCfg = Release|Any CPU
		{31E1F0CC-743D-461D-B869-0036BF2B98CB}.Release|Any CPU.Build.0 = Release|Any CPU
		{E3412ADE-8529-457B-9627-56524D2DDC82}.Debug|Any CPU.ActiveCfg = Debug|Any CPU
		{E3412ADE-8529-457B-9627-56524D2DDC82}.Debug|Any CPU.Build.0 = Debug|Any CPU
		{E3412ADE-8529-457B-9627-56524D2DDC82}.Release|Any CPU.ActiveCfg = Release|Any CPU
		{E3412ADE-8529-457B-9627-56524D2DDC82}.Release|Any CPU.Build.0 = Release|Any CPU
		{E2323AE5-F791-4795-B1C2-499B31150AA7}.Debug|Any CPU.ActiveCfg = Debug|Any CPU
		{E2323AE5-F791-4795-B1C2-499B31150AA7}.Debug|Any CPU.Build.0 = Debug|Any CPU
		{E2323AE5-F791-4795-B1C2-499B31150AA7}.Release|Any CPU.ActiveCfg = Release|Any CPU
		{E2323AE5-F791-4795-B1C2-499B31150AA7}.Release|Any CPU.Build.0 = Release|Any CPU
		{8F2FF96A-84B0-451A-918D-8833E620266A}.Debug|Any CPU.ActiveCfg = Debug|Any CPU
		{8F2FF96A-84B0-451A-918D-8833E620266A}.Debug|Any CPU.Build.0 = Debug|Any CPU
		{8F2FF96A-84B0-451A-918D-8833E620266A}.Release|Any CPU.ActiveCfg = Release|Any CPU
		{8F2FF96A-84B0-451A-918D-8833E620266A}.Release|Any CPU.Build.0 = Release|Any CPU
	EndGlobalSection
	GlobalSection(SolutionProperties) = preSolution
		HideSolutionNode = FALSE
	EndGlobalSection
	GlobalSection(NestedProjects) = preSolution
		{A7ECA75F-2D79-4FD3-8AEB-039BCDBC234D} = {02EA681E-C7D8-13C7-8484-4AC65E1B71E8}
		{22730044-0FF5-465C-93FB-42EA9A9947CF} = {02EA681E-C7D8-13C7-8484-4AC65E1B71E8}
		{FF1D62D7-597C-47E1-B5CB-25DA54C7CAF8} = {02EA681E-C7D8-13C7-8484-4AC65E1B71E8}
		{6F5F1360-DE5A-41DD-A8F3-66D4F44AAEE9} = {A7ECA75F-2D79-4FD3-8AEB-039BCDBC234D}
		{31E1F0CC-743D-461D-B869-0036BF2B98CB} = {A7ECA75F-2D79-4FD3-8AEB-039BCDBC234D}
		{E3412ADE-8529-457B-9627-56524D2DDC82} = {22730044-0FF5-465C-93FB-42EA9A9947CF}
		{E2323AE5-F791-4795-B1C2-499B31150AA7} = {22730044-0FF5-465C-93FB-42EA9A9947CF}
		{8F2FF96A-84B0-451A-918D-8833E620266A} = {FF1D62D7-597C-47E1-B5CB-25DA54C7CAF8}
	EndGlobalSection
	GlobalSection(ExtensibilityGlobals) = postSolution
		SolutionGuid = {9806EB4C-547B-40FD-BC90-AB5429B437DA}
	EndGlobalSection
EndGlobal
